
Microsoft Visual Studio Solution File, Format Version 12.00
# Visual Studio 15
VisualStudioVersion = 15.0.28307.106
MinimumVisualStudioVersion = 10.0.40219.1
Project("{FAE04EC0-301F-11D3-BF4B-00C04F79EFBC}") = "WebApplication8", "WebApplication8\WebApplication8.csproj", "{A399AECD-B578-4CE1-8D87-25F2B2FF932E}"
EndProject
Global
	GlobalSection(SolutionConfigurationPlatforms) = preSolution
		Debug|Any CPU = Debug|Any CPU
		Release|Any CPU = Release|Any CPU
	EndGlobalSection
	GlobalSection(ProjectConfigurationPlatforms) = postSolution
		{A399AECD-B578-4CE1-8D87-25F2B2FF932E}.Debug|Any CPU.ActiveCfg = Debug|Any CPU
		{A399AECD-B578-4CE1-8D87-25F2B2FF932E}.Debug|Any CPU.Build.0 = Debug|Any CPU
		{A399AECD-B578-4CE1-8D87-25F2B2FF932E}.Release|Any CPU.ActiveCfg = Release|Any CPU
		{A399AECD-B578-4CE1-8D87-25F2B2FF932E}.Release|Any CPU.Build.0 = Release|Any CPU
	EndGlobalSection
	GlobalSection(SolutionProperties) = preSolution
		HideSolutionNode = FALSE
	EndGlobalSection
	GlobalSection(ExtensibilityGlobals) = postSolution
		SolutionGuid = {BAF2708D-289C-4F6A-A100-1233074384E8}
	EndGlobalSection
EndGlobal
